
Microsoft Visual Studio Solution File, Format Version 12.00
# Visual Studio Version 17
VisualStudioVersion = 17.0.32126.317
MinimumVisualStudioVersion = 10.0.40219.1
Project("{FAE04EC0-301F-11D3-BF4B-00C04F79EFBC}") = "Topiniquim.ConsoleApp", "Topiniquim.ConsoleApp\Topiniquim.ConsoleApp.csproj", "{991CB188-4B39-4246-882B-80212EE95267}"
EndProject
Global
	GlobalSection(SolutionConfigurationPlatforms) = preSolution
		Debug|Any CPU = Debug|Any CPU
		Release|Any CPU = Release|Any CPU
	EndGlobalSection
	GlobalSection(ProjectConfigurationPlatforms) = postSolution
		{991CB188-4B39-4246-882B-80212EE95267}.Debug|Any CPU.ActiveCfg = Debug|Any CPU
		{991CB188-4B39-4246-882B-80212EE95267}.Debug|Any CPU.Build.0 = Debug|Any CPU
		{991CB188-4B39-4246-882B-80212EE95267}.Release|Any CPU.ActiveCfg = Release|Any CPU
		{991CB188-4B39-4246-882B-80212EE95267}.Release|Any CPU.Build.0 = Release|Any CPU
	EndGlobalSection
	GlobalSection(SolutionProperties) = preSolution
		HideSolutionNode = FALSE
	EndGlobalSection
	GlobalSection(ExtensibilityGlobals) = postSolution
		SolutionGuid = {009AE918-3F54-4AA1-85D1-357C6A80DEB8}
	EndGlobalSection
EndGlobal
